{
  "name": "landing-page",
  "version": "1.0.0",
  "lockfileVersion": 3,
  "requires": true,
  "packages": {
    "": {
      "name": "landing-page",
      "version": "1.0.0",
      "license": "ISC",
      "dependencies": {
        "ghostmail": "^1.1.3"
      }
    },
    "node_modules/ghostmail": {
      "version": "1.1.3",
      "resolved": "https://registry.npmjs.org/ghostmail/-/ghostmail-1.1.3.tgz",
      "integrity": "sha512-ttvolOu+DkUCSaqP3fYEw+qtGexL6oWSTpK6JJtJEb9PqdiLyFHpHKhUSsk+BAYySMXFSMA5rYq9WFrJuBf5Cw==",
      "license": "Apache-2.0"
    }
  }
}
